
Microsoft Visual Studio Solution File, Format Version 12.00
# Visual Studio 15
VisualStudioVersion = 15.0.28010.2003
MinimumVisualStudioVersion = 10.0.40219.1
Project("{FAE04EC0-301F-11D3-BF4B-00C04F79EFBC}") = "MfAppBackendR3", "MfAppBackendR3\MfAppBackendR3.csproj", "{01795DB3-E930-4AF1-BAA4-3BCB896C14DC}"
EndProject
Global
	GlobalSection(SolutionConfigurationPlatforms) = preSolution
		Debug|Any CPU = Debug|Any CPU
		Release|Any CPU = Release|Any CPU
	EndGlobalSection
	GlobalSection(ProjectConfigurationPlatforms) = postSolution
		{01795DB3-E930-4AF1-BAA4-3BCB896C14DC}.Debug|Any CPU.ActiveCfg = Debug|Any CPU
		{01795DB3-E930-4AF1-BAA4-3BCB896C14DC}.Debug|Any CPU.Build.0 = Debug|Any CPU
		{01795DB3-E930-4AF1-BAA4-3BCB896C14DC}.Release|Any CPU.ActiveCfg = Release|Any CPU
		{01795DB3-E930-4AF1-BAA4-3BCB896C14DC}.Release|Any CPU.Build.0 = Release|Any CPU
	EndGlobalSection
	GlobalSection(SolutionProperties) = preSolution
		HideSolutionNode = FALSE
	EndGlobalSection
	GlobalSection(ExtensibilityGlobals) = postSolution
		SolutionGuid = {E54D2418-F3DE-4CF4-892A-88D23E1450B6}
	EndGlobalSection
EndGlobal
